<?xml version="1.0" encoding="utf-8"?>
<Project ToolsVersion="4.0" xmlns="http://schemas.microsoft.com/developer/msbuild/2003">
  <ItemGroup>
    <Filter Include="Source Files">
      <UniqueIdentifier>{4FC737F1-C7A5-4376-A066-2A32D752A2FF}</UniqueIdentifier>
      <Extensions>cpp;c;cc;cxx;c++;cppm;ixx;def;odl;idl;hpj;bat;asm;asmx</Extensions>
    </Filter>
    <Filter Include="Header Files">
      <UniqueIdentifier>{93995380-89BD-4b04-88EB-625FBE52EBFB}</UniqueIdentifier>
      <Extensions>h;hh;hpp;hxx;h++;hm;inl;inc;ipp;xsd</Extensions>
    </Filter>
    <Filter Include="Resource Files">
      <UniqueIdentifier>{67DA6AB6-F800-4c08-8B7A-83BB121AAD01}</UniqueIdentifier>
      <Extensions>rc;ico;cur;bmp;dlg;rc2;rct;bin;rgs;gif;jpg;jpeg;jpe;resx;tiff;tif;png;wav;mfcribbon-ms</Extensions>
    </Filter>
    <Filter Include="Shader">
      <UniqueIdentifier>{80705e6a-9f94-4584-8210-532d7ac95f96}</UniqueIdentifier>
    </Filter>
    <Filter Include="Header Files\Bindable">
      <UniqueIdentifier>{0972dce6-a3a1-46d2-88ae-983f9a271e67}</UniqueIdentifier>
    </Filter>
    <Filter Include="Header Files\Macros">
      <UniqueIdentifier>{6537cf1e-257d-40ac-b607-698b8396f53d}</UniqueIdentifier>
    </Filter>
    <Filter Include="Source Files\Bindable">
      <UniqueIdentifier>{71cf443e-a688-45ed-b84e-848c3b224086}</UniqueIdentifier>
    </Filter>
    <Filter Include="Header Files\Shapes">
      <UniqueIdentifier>{4bf419ed-acae-4122-a13a-da1961badd9b}</UniqueIdentifier>
    </Filter>
    <Filter Include="Source Files\Shapes">
      <UniqueIdentifier>{19997f83-2e53-42b7-93d7-b66b2bfb30ef}</UniqueIdentifier>
    </Filter>
    <Filter Include="Imgui">
      <UniqueIdentifier>{e6bec452-8f9b-4277-b0e5-9ab4dc0da864}</UniqueIdentifier>
    </Filter>
    <Filter Include="Imgui\Backend">
      <UniqueIdentifier>{c3395999-abc6-4d5b-8047-435f2df3489b}</UniqueIdentifier>
    </Filter>
    <Filter Include="Shader\Header Files">
      <UniqueIdentifier>{dae04c4b-72b1-4b48-b2cf-26a0291eb2a8}</UniqueIdentifier>
    </Filter>
    <Filter Include="Source Files\Render">
      <UniqueIdentifier>{c0149e36-a893-4de8-8708-5a178637ace9}</UniqueIdentifier>
    </Filter>
    <Filter Include="Header Files\Render">
      <UniqueIdentifier>{606813e8-091d-4af1-821b-d6fe9492c9af}</UniqueIdentifier>
    </Filter>
    <Filter Include="Shader\FullscreenFilters">
      <UniqueIdentifier>{2c5090a9-7d68-4f8d-9b61-336069c11054}</UniqueIdentifier>
    </Filter>
    <Filter Include="Source Files\Render\RenderGraph">
      <UniqueIdentifier>{cd9e6501-99dd-49cc-937f-ff01da130f22}</UniqueIdentifier>
    </Filter>
    <Filter Include="Header Files\Render\RenderGraph">
      <UniqueIdentifier>{08f4281c-899f-4058-a865-3549f5c5080a}</UniqueIdentifier>
    </Filter>
    <Filter Include="Source Files\Render\RenderGraph\Passes">
      <UniqueIdentifier>{962dd346-785f-4242-9024-38946477766a}</UniqueIdentifier>
    </Filter>
    <Filter Include="Source Files\Render\RenderGraph\Passes\Pre-Made Passes">
      <UniqueIdentifier>{82eda3b1-1e7d-4d27-984f-d057431bc0e5}</UniqueIdentifier>
    </Filter>
    <Filter Include="Header Files\Render\RenderGraph\Passes">
      <UniqueIdentifier>{ccb59584-7c2e-407f-908d-4541a5bd30c6}</UniqueIdentifier>
    </Filter>
    <Filter Include="Header Files\Render\RenderGraph\Passes\Pre-Made Passes">
      <UniqueIdentifier>{79e7ab98-6486-4cd0-8b53-c746112e1d96}</UniqueIdentifier>
    </Filter>
    <Filter Include="Source Files\Render\RenderGraph\RenderGraphType">
      <UniqueIdentifier>{c1b29850-d4bd-4bbf-bc1b-94e0ed0a018c}</UniqueIdentifier>
    </Filter>
    <Filter Include="Header Files\Render\RenderGraph\RenderGraphType">
      <UniqueIdentifier>{6846b4e9-7569-4869-a35c-b7fa4964137f}</UniqueIdentifier>
    </Filter>
    <Filter Include="Shader\Phong">
      <UniqueIdentifier>{0d0b3bec-882c-40f4-bf1b-9a7a0eb3cb01}</UniqueIdentifier>
    </Filter>
    <Filter Include="Shader\PBR">
      <UniqueIdentifier>{a8ed7917-ec75-4ef2-8412-f6cc4e23d169}</UniqueIdentifier>
    </Filter>
  </ItemGroup>
  <ItemGroup>
    <ClInclude Include="Includes.h">
      <Filter>Header Files</Filter>
    </ClInclude>
    <ClInclude Include="Window.h">
      <Filter>Header Files</Filter>
    </ClInclude>
    <ClInclude Include="ErrorHandling.h">
      <Filter>Header Files</Filter>
    </ClInclude>
    <ClInclude Include="resource.h">
      <Filter>Header Files</Filter>
    </ClInclude>
    <ClInclude Include="Application.h">
      <Filter>Header Files</Filter>
    </ClInclude>
    <ClInclude Include="DXError.h">
      <Filter>Header Files</Filter>
    </ClInclude>
    <ClInclude Include="Input.h">
      <Filter>Header Files</Filter>
    </ClInclude>
    <ClInclude Include="Graphics.h">
      <Filter>Header Files</Filter>
    </ClInclude>
    <ClInclude Include="Bindable.h">
      <Filter>Header Files\Bindable</Filter>
    </ClInclude>
    <ClInclude Include="ErrorMacros.h">
      <Filter>Header Files\Macros</Filter>
    </ClInclude>
    <ClInclude Include="ConstantBuffers.h">
      <Filter>Header Files\Bindable</Filter>
    </ClInclude>
    <ClInclude Include="IndexBuffer.h">
      <Filter>Header Files\Bindable</Filter>
    </ClInclude>
    <ClInclude Include="VertexBuffer.h">
      <Filter>Header Files\Bindable</Filter>
    </ClInclude>
    <ClInclude Include="InputLayout.h">
      <Filter>Header Files\Bindable</Filter>
    </ClInclude>
    <ClInclude Include="Topology.h">
      <Filter>Header Files\Bindable</Filter>
    </ClInclude>
    <ClInclude Include="VertexShader.h">
      <Filter>Header Files\Bindable</Filter>
    </ClInclude>
    <ClInclude Include="PixelShader.h">
      <Filter>Header Files\Bindable</Filter>
    </ClInclude>
    <ClInclude Include="TransformConstBuffer.h">
      <Filter>Header Files\Bindable</Filter>
    </ClInclude>
    <ClInclude Include="Shape.h">
      <Filter>Header Files\Shapes</Filter>
    </ClInclude>
    <ClInclude Include="Cube.h">
      <Filter>Header Files\Shapes</Filter>
    </ClInclude>
    <ClInclude Include="KeyMacros.h">
      <Filter>Header Files\Macros</Filter>
    </ClInclude>
    <ClInclude Include="BindableClassesMacro.h">
      <Filter>Header Files\Macros</Filter>
    </ClInclude>
    <ClInclude Include="Time.h">
      <Filter>Header Files</Filter>
    </ClInclude>
    <ClInclude Include="Mesh.h">
      <Filter>Header Files</Filter>
    </ClInclude>
    <ClInclude Include="Sphere.h">
      <Filter>Header Files\Shapes</Filter>
    </ClInclude>
    <ClInclude Include="Sheet.h">
      <Filter>Header Files\Shapes</Filter>
    </ClInclude>
    <ClInclude Include="Texture.h">
      <Filter>Header Files\Bindable</Filter>
    </ClInclude>
    <ClInclude Include="SamplerState.h">
      <Filter>Header Files\Bindable</Filter>
    </ClInclude>
    <ClInclude Include="imgui\imconfig.h">
      <Filter>Imgui</Filter>
    </ClInclude>
    <ClInclude Include="imgui\imgui.h">
      <Filter>Imgui</Filter>
    </ClInclude>
    <ClInclude Include="imgui\imgui_internal.h">
      <Filter>Imgui</Filter>
    </ClInclude>
    <ClInclude Include="imgui\imstb_rectpack.h">
      <Filter>Imgui</Filter>
    </ClInclude>
    <ClInclude Include="imgui\imstb_textedit.h">
      <Filter>Imgui</Filter>
    </ClInclude>
    <ClInclude Include="imgui\imstb_truetype.h">
      <Filter>Imgui</Filter>
    </ClInclude>
    <ClInclude Include="imgui\backend\imgui_impl_dx11.h">
      <Filter>Imgui\Backend</Filter>
    </ClInclude>
    <ClInclude Include="imgui\backend\imgui_impl_win32.h">
      <Filter>Imgui\Backend</Filter>
    </ClInclude>
    <ClInclude Include="ImguiManager.h">
      <Filter>Header Files</Filter>
    </ClInclude>
    <ClInclude Include="PointLight.h">
      <Filter>Header Files</Filter>
    </ClInclude>
    <ClInclude Include="PointLightModel.h">
      <Filter>Header Files\Shapes</Filter>
    </ClInclude>
    <ClInclude Include="Vertex.h">
      <Filter>Header Files</Filter>
    </ClInclude>
    <ClInclude Include="Node.h">
      <Filter>Header Files</Filter>
    </ClInclude>
    <ClInclude Include="Model.h">
      <Filter>Header Files</Filter>
    </ClInclude>
    <ClInclude Include="SimpleMesh.h">
      <Filter>Header Files</Filter>
    </ClInclude>
    <ClInclude Include="BindableList.h">
      <Filter>Header Files</Filter>
    </ClInclude>
    <ClInclude Include="TransformConstBufferWithPixelShader.h">
      <Filter>Header Files\Bindable</Filter>
    </ClInclude>
    <ClInclude Include="Scene.h">
      <Filter>Header Files</Filter>
    </ClInclude>
    <ClInclude Include="BlendState.h">
      <Filter>Header Files\Bindable</Filter>
    </ClInclude>
    <ClInclude Include="RasterizerState.h">
      <Filter>Header Files\Bindable</Filter>
    </ClInclude>
    <ClInclude Include="StringConverting.h">
      <Filter>Header Files</Filter>
    </ClInclude>
    <ClInclude Include="DynamicConstantBuffer.h">
      <Filter>Header Files</Filter>
    </ClInclude>
    <ClInclude Include="DepthStencilState.h">
      <Filter>Header Files\Bindable</Filter>
    </ClInclude>
    <ClInclude Include="SceneObject.h">
      <Filter>Header Files</Filter>
    </ClInclude>
    <ClInclude Include="RenderPass.h">
      <Filter>Header Files\Render</Filter>
    </ClInclude>
    <ClInclude Include="RenderJob.h">
      <Filter>Header Files\Render</Filter>
    </ClInclude>
    <ClInclude Include="RenderTechnique.h">
      <Filter>Header Files\Render</Filter>
    </ClInclude>
    <ClInclude Include="DepthStencilView.h">
      <Filter>Header Files</Filter>
    </ClInclude>
    <ClInclude Include="Camera.h">
      <Filter>Header Files</Filter>
    </ClInclude>
    <ClInclude Include="RenderTarget.h">
      <Filter>Header Files</Filter>
    </ClInclude>
    <ClInclude Include="FullscreenFilter.h">
      <Filter>Header Files</Filter>
    </ClInclude>
    <ClInclude Include="GaussBlurFilter.h">
      <Filter>Header Files</Filter>
    </ClInclude>
    <ClInclude Include="RenderBindablePass.h">
      <Filter>Header Files\Render\RenderGraph\Passes</Filter>
    </ClInclude>
    <ClInclude Include="RenderPassOuput.h">
      <Filter>Header Files\Render\RenderGraph</Filter>
    </ClInclude>
    <ClInclude Include="RenderPassInput.h">
      <Filter>Header Files\Render\RenderGraph</Filter>
    </ClInclude>
    <ClInclude Include="GraphicBuffer.h">
      <Filter>Header Files</Filter>
    </ClInclude>
    <ClInclude Include="RenderJobPass.h">
      <Filter>Header Files\Render\RenderGraph\Passes</Filter>
    </ClInclude>
    <ClInclude Include="RenderStep.h">
      <Filter>Header Files\Render</Filter>
    </ClInclude>
    <ClInclude Include="NormalRenderPass.h">
      <Filter>Header Files\Render\RenderGraph\Passes\Pre-Made Passes</Filter>
    </ClInclude>
    <ClInclude Include="OutlineRenderPass.h">
      <Filter>Header Files\Render\RenderGraph\Passes\Pre-Made Passes</Filter>
    </ClInclude>
    <ClInclude Include="OutlineMaskingRenderPass.h">
      <Filter>Header Files\Render\RenderGraph\Passes\Pre-Made Passes</Filter>
    </ClInclude>
    <ClInclude Include="GaussBlurRenderPass.h">
      <Filter>Header Files\Render\RenderGraph\Passes\Pre-Made Passes</Filter>
    </ClInclude>
    <ClInclude Include="FullscreenFilterRenderPass.h">
      <Filter>Header Files\Render\RenderGraph\Passes\Pre-Made Passes</Filter>
    </ClInclude>
    <ClInclude Include="BufferClearRenderPass.h">
      <Filter>Header Files\Render\RenderGraph\Passes\Pre-Made Passes</Filter>
    </ClInclude>
    <ClInclude Include="RenderGraph.h">
      <Filter>Header Files\Render\RenderGraph\RenderGraphType</Filter>
    </ClInclude>
    <ClInclude Include="NormalOutlineRenderGraph.h">
      <Filter>Header Files\Render\RenderGraph\RenderGraphType</Filter>
    </ClInclude>
    <ClInclude Include="BoxBlurRenderPass.h">
      <Filter>Header Files\Render\RenderGraph\Passes\Pre-Made Passes</Filter>
    </ClInclude>
    <ClInclude Include="GaussBlurRenderGraph.h">
      <Filter>Header Files\Render\RenderGraph\RenderGraphType</Filter>
    </ClInclude>
    <ClInclude Include="CameraManager.h">
      <Filter>Header Files</Filter>
    </ClInclude>
    <ClInclude Include="wrl_no_warnings.h">
      <Filter>Header Files</Filter>
    </ClInclude>
    <ClInclude Include="CameraIndicator.h">
      <Filter>Header Files\Shapes</Filter>
    </ClInclude>
    <ClInclude Include="CameraViewAreaIndicator.h">
      <Filter>Header Files</Filter>
    </ClInclude>
    <ClInclude Include="IgnoreZBufferRenderPass.h">
      <Filter>Header Files\Render\RenderGraph\Passes\Pre-Made Passes</Filter>
    </ClInclude>
    <ClInclude Include="ShadowMappingRenderPass.h">
      <Filter>Header Files\Render\RenderGraph\Passes\Pre-Made Passes</Filter>
    </ClInclude>
    <ClInclude Include="NullTexture.h">
      <Filter>Header Files\Bindable</Filter>
    </ClInclude>
    <ClInclude Include="CubeMapTexture.h">
      <Filter>Header Files\Bindable</Filter>
    </ClInclude>
    <ClInclude Include="OutlineScalingRenderPass.h">
      <Filter>Header Files\Render\RenderGraph\Passes\Pre-Made Passes</Filter>
    </ClInclude>
    <ClInclude Include="FPSCounter.h">
      <Filter>Header Files</Filter>
    </ClInclude>
    <ClInclude Include="SkyboxRenderPass.h">
      <Filter>Header Files\Render\RenderGraph\Passes\Pre-Made Passes</Filter>
    </ClInclude>
    <ClInclude Include="SkyboxTransformBuffer.h">
      <Filter>Header Files\Bindable</Filter>
    </ClInclude>
    <ClInclude Include="Skybox.h">
      <Filter>Header Files</Filter>
    </ClInclude>
    <ClInclude Include="ShadowCamera.h">
      <Filter>Header Files</Filter>
    </ClInclude>
    <ClInclude Include="DepthTextureCube.h">
      <Filter>Header Files</Filter>
    </ClInclude>
    <ClInclude Include="SpherePBR.h">
      <Filter>Header Files</Filter>
    </ClInclude>
    <ClInclude Include="HullShader.h">
      <Filter>Header Files\Bindable</Filter>
    </ClInclude>
    <ClInclude Include="DomainShader.h">
      <Filter>Header Files\Bindable</Filter>
    </ClInclude>
    <ClInclude Include="NullShader.h">
      <Filter>Header Files\Bindable</Filter>
    </ClInclude>
  </ItemGroup>
  <ItemGroup>
    <ClCompile Include="EntryPoint.cpp">
      <Filter>Source Files</Filter>
    </ClCompile>
    <ClCompile Include="Window.cpp">
      <Filter>Source Files</Filter>
    </ClCompile>
    <ClCompile Include="ErrorHandling.cpp">
      <Filter>Source Files</Filter>
    </ClCompile>
    <ClCompile Include="Application.cpp">
      <Filter>Source Files</Filter>
    </ClCompile>
    <ClCompile Include="DXError.cpp">
      <Filter>Source Files</Filter>
    </ClCompile>
    <ClCompile Include="Input.cpp">
      <Filter>Source Files</Filter>
    </ClCompile>
    <ClCompile Include="Graphics.cpp">
      <Filter>Source Files</Filter>
    </ClCompile>
    <ClCompile Include="IndexBuffer.cpp">
      <Filter>Source Files\Bindable</Filter>
    </ClCompile>
    <ClCompile Include="VertexBuffer.cpp">
      <Filter>Source Files\Bindable</Filter>
    </ClCompile>
    <ClCompile Include="InputLayout.cpp">
      <Filter>Source Files\Bindable</Filter>
    </ClCompile>
    <ClCompile Include="Topology.cpp">
      <Filter>Source Files\Bindable</Filter>
    </ClCompile>
    <ClCompile Include="VertexShader.cpp">
      <Filter>Source Files\Bindable</Filter>
    </ClCompile>
    <ClCompile Include="PixelShader.cpp">
      <Filter>Source Files\Bindable</Filter>
    </ClCompile>
    <ClCompile Include="Cube.cpp">
      <Filter>Source Files\Shapes</Filter>
    </ClCompile>
    <ClCompile Include="Time.cpp">
      <Filter>Source Files</Filter>
    </ClCompile>
    <ClCompile Include="Sphere.cpp">
      <Filter>Source Files\Shapes</Filter>
    </ClCompile>
    <ClCompile Include="Sheet.cpp">
      <Filter>Source Files\Shapes</Filter>
    </ClCompile>
    <ClCompile Include="Texture.cpp">
      <Filter>Source Files\Bindable</Filter>
    </ClCompile>
    <ClCompile Include="SamplerState.cpp">
      <Filter>Source Files\Bindable</Filter>
    </ClCompile>
    <ClCompile Include="imgui\imgui.cpp">
      <Filter>Imgui</Filter>
    </ClCompile>
    <ClCompile Include="imgui\imgui_demo.cpp">
      <Filter>Imgui</Filter>
    </ClCompile>
    <ClCompile Include="imgui\imgui_draw.cpp">
      <Filter>Imgui</Filter>
    </ClCompile>
    <ClCompile Include="imgui\imgui_tables.cpp">
      <Filter>Imgui</Filter>
    </ClCompile>
    <ClCompile Include="imgui\imgui_widgets.cpp">
      <Filter>Imgui</Filter>
    </ClCompile>
    <ClCompile Include="imgui\backend\imgui_impl_dx11.cpp">
      <Filter>Imgui\Backend</Filter>
    </ClCompile>
    <ClCompile Include="imgui\backend\imgui_impl_win32.cpp">
      <Filter>Imgui\Backend</Filter>
    </ClCompile>
    <ClCompile Include="ImguiManager.cpp">
      <Filter>Source Files</Filter>
    </ClCompile>
    <ClCompile Include="Camera.cpp">
      <Filter>Source Files</Filter>
    </ClCompile>
    <ClCompile Include="PointLight.cpp">
      <Filter>Source Files</Filter>
    </ClCompile>
    <ClCompile Include="PointLightModel.cpp">
      <Filter>Source Files\Shapes</Filter>
    </ClCompile>
    <ClCompile Include="Model.cpp">
      <Filter>Source Files</Filter>
    </ClCompile>
    <ClCompile Include="Scene.cpp">
      <Filter>Source Files</Filter>
    </ClCompile>
    <ClCompile Include="BlendState.cpp">
      <Filter>Source Files\Bindable</Filter>
    </ClCompile>
    <ClCompile Include="RasterizerState.cpp">
      <Filter>Source Files\Bindable</Filter>
    </ClCompile>
    <ClCompile Include="DynamicConstantBuffer.cpp">
      <Filter>Source Files</Filter>
    </ClCompile>
    <ClCompile Include="RenderPass.cpp">
      <Filter>Source Files\Render</Filter>
    </ClCompile>
    <ClCompile Include="RenderJob.cpp">
      <Filter>Source Files\Render</Filter>
    </ClCompile>
    <ClCompile Include="RenderTechnique.cpp">
      <Filter>Source Files\Render</Filter>
    </ClCompile>
    <ClCompile Include="Shape.cpp">
      <Filter>Source Files\Shapes</Filter>
    </ClCompile>
    <ClCompile Include="DepthStencilView.cpp">
      <Filter>Source Files</Filter>
    </ClCompile>
    <ClCompile Include="RenderTarget.cpp">
      <Filter>Source Files</Filter>
    </ClCompile>
    <ClCompile Include="Vertex.cpp">
      <Filter>Source Files</Filter>
    </ClCompile>
    <ClCompile Include="FullscreenFilter.cpp">
      <Filter>Source Files</Filter>
    </ClCompile>
    <ClCompile Include="GaussBlurFilter.cpp">
      <Filter>Source Files</Filter>
    </ClCompile>
    <ClCompile Include="RenderBindablePass.cpp">
      <Filter>Source Files\Render\RenderGraph\Passes</Filter>
    </ClCompile>
    <ClCompile Include="RenderPassInput.cpp">
      <Filter>Source Files\Render\RenderGraph</Filter>
    </ClCompile>
    <ClCompile Include="RenderJobPass.cpp">
      <Filter>Source Files\Render\RenderGraph\Passes</Filter>
    </ClCompile>
    <ClCompile Include="RenderStep.cpp">
      <Filter>Source Files\Render</Filter>
    </ClCompile>
    <ClCompile Include="NormalRenderPass.cpp">
      <Filter>Source Files\Render\RenderGraph\Passes\Pre-Made Passes</Filter>
    </ClCompile>
    <ClCompile Include="OutlineRenderPass.cpp">
      <Filter>Source Files\Render\RenderGraph\Passes\Pre-Made Passes</Filter>
    </ClCompile>
    <ClCompile Include="OutlineMaskingRenderPass.cpp">
      <Filter>Source Files\Render\RenderGraph\Passes\Pre-Made Passes</Filter>
    </ClCompile>
    <ClCompile Include="GaussBlurRenderPass.cpp">
      <Filter>Source Files\Render\RenderGraph\Passes\Pre-Made Passes</Filter>
    </ClCompile>
    <ClCompile Include="FullscreenFilterRenderPass.cpp">
      <Filter>Source Files\Render\RenderGraph\Passes\Pre-Made Passes</Filter>
    </ClCompile>
    <ClCompile Include="BufferClearRenderPass.cpp">
      <Filter>Source Files\Render\RenderGraph\Passes\Pre-Made Passes</Filter>
    </ClCompile>
    <ClCompile Include="RenderGraph.cpp">
      <Filter>Source Files\Render\RenderGraph\RenderGraphType</Filter>
    </ClCompile>
    <ClCompile Include="NormalOutlineRenderGraph.cpp">
      <Filter>Source Files\Render\RenderGraph\RenderGraphType</Filter>
    </ClCompile>
    <ClCompile Include="BoxBlurRenderPass.cpp">
      <Filter>Source Files\Render\RenderGraph\Passes\Pre-Made Passes</Filter>
    </ClCompile>
    <ClCompile Include="GaussBlurRenderGraph.cpp">
      <Filter>Source Files\Render\RenderGraph\RenderGraphType</Filter>
    </ClCompile>
    <ClCompile Include="CameraManager.cpp">
      <Filter>Source Files</Filter>
    </ClCompile>
    <ClCompile Include="SceneObject.cpp">
      <Filter>Source Files</Filter>
    </ClCompile>
    <ClCompile Include="CameraIndicator.cpp">
      <Filter>Source Files\Shapes</Filter>
    </ClCompile>
    <ClCompile Include="CameraViewAreaIndicator.cpp">
      <Filter>Source Files</Filter>
    </ClCompile>
    <ClCompile Include="IgnoreZBufferRenderPass.cpp">
      <Filter>Source Files\Render\RenderGraph\Passes\Pre-Made Passes</Filter>
    </ClCompile>
    <ClCompile Include="GraphicBuffer.cpp">
      <Filter>Source Files</Filter>
    </ClCompile>
    <ClCompile Include="ShadowMappingRenderPass.cpp">
      <Filter>Source Files\Render\RenderGraph\Passes\Pre-Made Passes</Filter>
    </ClCompile>
    <ClCompile Include="Node.cpp">
      <Filter>Source Files</Filter>
    </ClCompile>
    <ClCompile Include="NullTexture.cpp">
      <Filter>Source Files\Bindable</Filter>
    </ClCompile>
    <ClCompile Include="CubeMapTexture.cpp">
      <Filter>Source Files\Bindable</Filter>
    </ClCompile>
    <ClCompile Include="OutlineScalingRenderPass.cpp">
      <Filter>Source Files\Render\RenderGraph\Passes\Pre-Made Passes</Filter>
    </ClCompile>
    <ClCompile Include="FPSCounter.cpp">
      <Filter>Source Files</Filter>
    </ClCompile>
    <ClCompile Include="SkyboxRenderPass.cpp">
      <Filter>Source Files\Render\RenderGraph\Passes\Pre-Made Passes</Filter>
    </ClCompile>
    <ClCompile Include="SkyboxTransformBuffer.cpp">
      <Filter>Source Files\Bindable</Filter>
    </ClCompile>
    <ClCompile Include="TransformConstBuffer.cpp">
      <Filter>Source Files\Bindable</Filter>
    </ClCompile>
    <ClCompile Include="TransformConstBufferWithPixelShader.cpp">
      <Filter>Source Files\Bindable</Filter>
    </ClCompile>
    <ClCompile Include="Skybox.cpp">
      <Filter>Source Files</Filter>
    </ClCompile>
    <ClCompile Include="ShadowCamera.cpp">
      <Filter>Source Files</Filter>
    </ClCompile>
    <ClCompile Include="DepthTextureCube.cpp">
      <Filter>Source Files</Filter>
    </ClCompile>
    <ClCompile Include="CubeTextureDrawingOrder.h">
      <Filter>Header Files</Filter>
    </ClCompile>
    <ClCompile Include="SpherePBR.cpp">
      <Filter>Source Files</Filter>
    </ClCompile>
    <ClCompile Include="SimpleMesh.cpp">
      <Filter>Source Files</Filter>
    </ClCompile>
    <ClCompile Include="HullShader.cpp">
      <Filter>Source Files\Bindable</Filter>
    </ClCompile>
    <ClCompile Include="DomainShader.cpp">
      <Filter>Source Files\Bindable</Filter>
    </ClCompile>
    <ClCompile Include="NullShader.cpp">
      <Filter>Source Files\Bindable</Filter>
    </ClCompile>
  </ItemGroup>
  <ItemGroup>
    <ResourceCompile Include="DirectX_on_top.rc">
      <Filter>Resource Files</Filter>
    </ResourceCompile>
  </ItemGroup>
  <ItemGroup>
    <Image Include="icons8-video-card-96.ico">
      <Filter>Resource Files</Filter>
    </Image>
  </ItemGroup>
  <ItemGroup>
    <FxCompile Include="VS_wave.hlsl">
      <Filter>Shader</Filter>
    </FxCompile>
    <FxCompile Include="PS_FaceColors.hlsl">
      <Filter>Shader</Filter>
    </FxCompile>
    <FxCompile Include="VS_Blend.hlsl">
      <Filter>Shader</Filter>
    </FxCompile>
    <FxCompile Include="PS_Blend.hlsl">
      <Filter>Shader</Filter>
    </FxCompile>
    <FxCompile Include="VS.hlsl">
      <Filter>Shader</Filter>
    </FxCompile>
    <FxCompile Include="PS_Texture.hlsl">
      <Filter>Shader</Filter>
    </FxCompile>
    <FxCompile Include="VS_Texture.hlsl">
      <Filter>Shader</Filter>
    </FxCompile>
    <FxCompile Include="PS.hlsl">
      <Filter>Shader</Filter>
    </FxCompile>
    <FxCompile Include="PS_TextureAnimation.hlsl">
      <Filter>Shader</Filter>
    </FxCompile>
    <FxCompile Include="PS_Solid.hlsl">
      <Filter>Shader</Filter>
    </FxCompile>
    <FxCompile Include="VS_Outline.hlsl">
      <Filter>Shader</Filter>
    </FxCompile>
    <FxCompile Include="PS_Fullscreen_GaussBlur.hlsl">
      <Filter>Shader\FullscreenFilters</Filter>
    </FxCompile>
    <FxCompile Include="PS_Fullscreen_NegativeColors.hlsl">
      <Filter>Shader\FullscreenFilters</Filter>
    </FxCompile>
    <FxCompile Include="VS_Fullscreen.hlsl">
      <Filter>Shader\FullscreenFilters</Filter>
    </FxCompile>
    <FxCompile Include="PS_Fullscreen_Normal.hlsl">
      <Filter>Shader\FullscreenFilters</Filter>
    </FxCompile>
    <FxCompile Include="PS_Fullscreen_Outline.hlsl">
      <Filter>Shader\FullscreenFilters</Filter>
    </FxCompile>
    <FxCompile Include="PS_Fullscreen_BoxBlur.hlsl">
      <Filter>Shader\FullscreenFilters</Filter>
    </FxCompile>
    <FxCompile Include="VS_Shadow.hlsl">
      <Filter>Shader</Filter>
    </FxCompile>
    <FxCompile Include="VS_Skybox.hlsl">
      <Filter>Shader</Filter>
    </FxCompile>
    <FxCompile Include="PS_Skybox.hlsl">
      <Filter>Shader</Filter>
    </FxCompile>
    <FxCompile Include="PS_Phong_NoMaps.hlsl">
      <Filter>Shader\Phong</Filter>
    </FxCompile>
    <FxCompile Include="PS_Phong_Texture_Mask_Normals_SpecularMap.hlsl">
      <Filter>Shader\Phong</Filter>
    </FxCompile>
    <FxCompile Include="PS_Phong_Texture_Normals_Specular.hlsl">
      <Filter>Shader\Phong</Filter>
    </FxCompile>
    <FxCompile Include="PS_Phong_Texture_Normals_Specular_Cube.hlsl">
      <Filter>Shader\Phong</Filter>
    </FxCompile>
    <FxCompile Include="PS_Phong_Texture_Normals_Specular_NoTangent.hlsl">
      <Filter>Shader\Phong</Filter>
    </FxCompile>
    <FxCompile Include="PS_Phong_Texture_Normals_SpecularMap.hlsl">
      <Filter>Shader\Phong</Filter>
    </FxCompile>
    <FxCompile Include="PS_Phong_Texture_Specular.hlsl">
      <Filter>Shader\Phong</Filter>
    </FxCompile>
    <FxCompile Include="PS_Phong_Texture_SpecularMap.hlsl">
      <Filter>Shader\Phong</Filter>
    </FxCompile>
    <FxCompile Include="VS_Phong.hlsl">
      <Filter>Shader\Phong</Filter>
    </FxCompile>
    <FxCompile Include="VS_Phong_Cube.hlsl">
      <Filter>Shader\Phong</Filter>
    </FxCompile>
    <FxCompile Include="VS_Phong_Normals.hlsl">
      <Filter>Shader\Phong</Filter>
    </FxCompile>
    <FxCompile Include="VS_Phong_Texture_Normals.hlsl">
      <Filter>Shader\Phong</Filter>
    </FxCompile>
    <FxCompile Include="VS_PBR.hlsl">
      <Filter>Shader\PBR</Filter>
    </FxCompile>
    <FxCompile Include="PS_PBR.hlsl">
      <Filter>Shader\PBR</Filter>
    </FxCompile>
    <FxCompile Include="VS_PBR_Height.hlsl">
      <Filter>Shader\PBR</Filter>
    </FxCompile>
    <FxCompile Include="VS_Shadow_Height.hlsl">
      <Filter>Shader</Filter>
    </FxCompile>
    <FxCompile Include="PS_PBR_Diffuse_Normal_Roughness_Metallic.hlsl">
      <Filter>Shader\PBR</Filter>
    </FxCompile>
    <FxCompile Include="HS_Test.hlsl">
      <Filter>Shader</Filter>
    </FxCompile>
    <FxCompile Include="DS_Test.hlsl">
      <Filter>Shader</Filter>
    </FxCompile>
    <FxCompile Include="HS.hlsl">
      <Filter>Shader</Filter>
    </FxCompile>
    <FxCompile Include="DS_Wave.hlsl">
      <Filter>Shader</Filter>
    </FxCompile>
    <FxCompile Include="VS_NoProjection.hlsl">
      <Filter>Shader</Filter>
    </FxCompile>
  </ItemGroup>
  <ItemGroup>
    <None Include="PointLightConstBuffer.hlsli">
      <Filter>Shader\Header Files</Filter>
    </None>
    <None Include="ShaderFunctions.hlsli">
      <Filter>Shader\Header Files</Filter>
    </None>
    <None Include="FloatHLSLMacros.hlsli">
      <Filter>Shader\Header Files</Filter>
    </None>
    <None Include="PS_ShadowFunctions.hlsli">
      <Filter>Shader\Header Files</Filter>
    </None>
    <None Include="ShadowResources.hlsli">
      <Filter>Shader\Header Files</Filter>
    </None>
    <None Include="PS_TransformConstBuffer.hlsli">
      <Filter>Shader\Header Files</Filter>
    </None>
    <None Include="VS_TransformConstBuffer.hlsli">
      <Filter>Shader\Header Files</Filter>
    </None>
    <None Include="VS_ShadowFunctions.hlsli">
      <Filter>Shader\Header Files</Filter>
    </None>
  </ItemGroup>
</Project>