<?xml version="1.0" encoding="utf-8"?>
<Project ToolsVersion="4.0" xmlns="http://schemas.microsoft.com/developer/msbuild/2003">
  <ItemGroup>
    <Filter Include="Source Files">
      <UniqueIdentifier>{4FC737F1-C7A5-4376-A066-2A32D752A2FF}</UniqueIdentifier>
      <Extensions>cpp;c;cc;cxx;c++;cppm;ixx;def;odl;idl;hpj;bat;asm;asmx</Extensions>
    </Filter>
    <Filter Include="Header Files">
      <UniqueIdentifier>{93995380-89BD-4b04-88EB-625FBE52EBFB}</UniqueIdentifier>
      <Extensions>h;hh;hpp;hxx;h++;hm;inl;inc;ipp;xsd</Extensions>
    </Filter>
    <Filter Include="Resource Files">
      <UniqueIdentifier>{67DA6AB6-F800-4c08-8B7A-83BB121AAD01}</UniqueIdentifier>
      <Extensions>rc;ico;cur;bmp;dlg;rc2;rct;bin;rgs;gif;jpg;jpeg;jpe;resx;tiff;tif;png;wav;mfcribbon-ms</Extensions>
    </Filter>
    <Filter Include="Shader">
      <UniqueIdentifier>{80705e6a-9f94-4584-8210-532d7ac95f96}</UniqueIdentifier>
    </Filter>
    <Filter Include="Header Files\Bindable">
      <UniqueIdentifier>{0972dce6-a3a1-46d2-88ae-983f9a271e67}</UniqueIdentifier>
    </Filter>
    <Filter Include="Header Files\Macros">
      <UniqueIdentifier>{6537cf1e-257d-40ac-b607-698b8396f53d}</UniqueIdentifier>
    </Filter>
    <Filter Include="Source Files\Bindable">
      <UniqueIdentifier>{71cf443e-a688-45ed-b84e-848c3b224086}</UniqueIdentifier>
    </Filter>
    <Filter Include="Source Files\Shapes">
      <UniqueIdentifier>{19997f83-2e53-42b7-93d7-b66b2bfb30ef}</UniqueIdentifier>
    </Filter>
    <Filter Include="Shader\Header Files">
      <UniqueIdentifier>{dae04c4b-72b1-4b48-b2cf-26a0291eb2a8}</UniqueIdentifier>
    </Filter>
    <Filter Include="Source Files\Render">
      <UniqueIdentifier>{c0149e36-a893-4de8-8708-5a178637ace9}</UniqueIdentifier>
    </Filter>
    <Filter Include="Header Files\Render">
      <UniqueIdentifier>{606813e8-091d-4af1-821b-d6fe9492c9af}</UniqueIdentifier>
    </Filter>
    <Filter Include="Shader\FullscreenFilters">
      <UniqueIdentifier>{2c5090a9-7d68-4f8d-9b61-336069c11054}</UniqueIdentifier>
    </Filter>
    <Filter Include="Source Files\Render\RenderGraph">
      <UniqueIdentifier>{cd9e6501-99dd-49cc-937f-ff01da130f22}</UniqueIdentifier>
    </Filter>
    <Filter Include="Header Files\Render\RenderGraph">
      <UniqueIdentifier>{08f4281c-899f-4058-a865-3549f5c5080a}</UniqueIdentifier>
    </Filter>
    <Filter Include="Source Files\Render\RenderGraph\Passes">
      <UniqueIdentifier>{962dd346-785f-4242-9024-38946477766a}</UniqueIdentifier>
    </Filter>
    <Filter Include="Source Files\Render\RenderGraph\Passes\Pre-Made Passes">
      <UniqueIdentifier>{82eda3b1-1e7d-4d27-984f-d057431bc0e5}</UniqueIdentifier>
    </Filter>
    <Filter Include="Header Files\Render\RenderGraph\Passes">
      <UniqueIdentifier>{ccb59584-7c2e-407f-908d-4541a5bd30c6}</UniqueIdentifier>
    </Filter>
    <Filter Include="Header Files\Render\RenderGraph\Passes\Pre-Made Passes">
      <UniqueIdentifier>{79e7ab98-6486-4cd0-8b53-c746112e1d96}</UniqueIdentifier>
    </Filter>
    <Filter Include="Source Files\Render\RenderGraph\RenderGraphType">
      <UniqueIdentifier>{c1b29850-d4bd-4bbf-bc1b-94e0ed0a018c}</UniqueIdentifier>
    </Filter>
    <Filter Include="Header Files\Render\RenderGraph\RenderGraphType">
      <UniqueIdentifier>{6846b4e9-7569-4869-a35c-b7fa4964137f}</UniqueIdentifier>
    </Filter>
    <Filter Include="Shader\Phong">
      <UniqueIdentifier>{0d0b3bec-882c-40f4-bf1b-9a7a0eb3cb01}</UniqueIdentifier>
    </Filter>
    <Filter Include="Shader\PBR">
      <UniqueIdentifier>{a8ed7917-ec75-4ef2-8412-f6cc4e23d169}</UniqueIdentifier>
    </Filter>
    <Filter Include="Header Files\Shapes">
      <UniqueIdentifier>{4bf419ed-acae-4122-a13a-da1961badd9b}</UniqueIdentifier>
    </Filter>
    <Filter Include="Dependencies">
      <UniqueIdentifier>{81b57312-4b3c-43c2-9169-91977d71a00e}</UniqueIdentifier>
    </Filter>
  </ItemGroup>
  <ItemGroup>
    <ClInclude Include="src/Application.h">
      <Filter>Header Files</Filter>
    </ClInclude>
    <ClInclude Include="src/AudioEngine.h">
      <Filter>Header Files</Filter>
    </ClInclude>
    <ClInclude Include="src/AudioListener.h">
      <Filter>Header Files</Filter>
    </ClInclude>
    <ClInclude Include="src/AudioObject.h">
      <Filter>Header Files</Filter>
    </ClInclude>
    <ClInclude Include="src/BindableClassesMacro.h">
      <Filter>Header Files</Filter>
    </ClInclude>
    <ClInclude Include="src/BindableList.h">
      <Filter>Header Files</Filter>
    </ClInclude>
    <ClInclude Include="src/Bindable/BlendState.h">
      <Filter>Header Files</Filter>
    </ClInclude>
    <ClInclude Include="src/BoxBlurRenderPass.h">
      <Filter>Header Files</Filter>
    </ClInclude>
    <ClInclude Include="src/BufferClearRenderPass.h">
      <Filter>Header Files</Filter>
    </ClInclude>
    <ClInclude Include="src/CameraIndicator.h">
      <Filter>Header Files</Filter>
    </ClInclude>
    <ClInclude Include="src/CameraManager.h">
      <Filter>Header Files</Filter>
    </ClInclude>
    <ClInclude Include="src/Camera.h">
      <Filter>Header Files</Filter>
    </ClInclude>
    <ClInclude Include="src/CameraViewAreaIndicator.h">
      <Filter>Header Files</Filter>
    </ClInclude>
    <ClInclude Include="src/Bindable/ComputeShader.h">
      <Filter>Header Files</Filter>
    </ClInclude>
    <ClInclude Include="src/Cube.h">
      <Filter>Header Files</Filter>
    </ClInclude>
    <ClInclude Include="src/Bindable/CubeMapTexture.h">
      <Filter>Header Files</Filter>
    </ClInclude>
    <ClInclude Include="src/DepthStencilView.h">
      <Filter>Header Files</Filter>
    </ClInclude>
    <ClInclude Include="src/DepthTextureCube.h">
      <Filter>Header Files</Filter>
    </ClInclude>
    <ClInclude Include="src/Bindable/DomainShader.h">
      <Filter>Header Files</Filter>
    </ClInclude>
    <ClInclude Include="src/DXError.h">
      <Filter>Header Files</Filter>
    </ClInclude>
    <ClInclude Include="src/DynamicConstantBuffer.h">
      <Filter>Header Files</Filter>
    </ClInclude>
    <ClInclude Include="src/ErrorHandling.h">
      <Filter>Header Files</Filter>
    </ClInclude>
    <ClInclude Include="src/ErrorMacros.h">
      <Filter>Header Files</Filter>
    </ClInclude>
    <ClInclude Include="src/FPSCounter.h">
      <Filter>Header Files</Filter>
    </ClInclude>
    <ClInclude Include="src/FullscreenFilter.h">
      <Filter>Header Files</Filter>
    </ClInclude>
    <ClInclude Include="src/FullscreenFilterRenderPass.h">
      <Filter>Header Files</Filter>
    </ClInclude>
    <ClInclude Include="src/GaussBlurFilter.h">
      <Filter>Header Files</Filter>
    </ClInclude>
    <ClInclude Include="src/GaussBlurRenderGraph.h">
      <Filter>Header Files</Filter>
    </ClInclude>
    <ClInclude Include="src/GraphicBuffer.h">
      <Filter>Header Files</Filter>
    </ClInclude>
    <ClInclude Include="src/Graphics.h">
      <Filter>Header Files</Filter>
    </ClInclude>
    <ClInclude Include="src/Bindable/HullShader.h">
      <Filter>Header Files</Filter>
    </ClInclude>
    <ClInclude Include="src/IgnoreZBufferRenderPass.h">
      <Filter>Header Files</Filter>
    </ClInclude>
    <ClInclude Include="src/ImguiManager.h">
      <Filter>Header Files</Filter>
    </ClInclude>
    <ClInclude Include="src/Includes.h">
      <Filter>Header Files</Filter>
    </ClInclude>
    <ClInclude Include="src/Input.h">
      <Filter>Header Files</Filter>
    </ClInclude>
    <ClInclude Include="src/KeyMacros.h">
      <Filter>Header Files</Filter>
    </ClInclude>
    <ClInclude Include="src/Mesh.h">
      <Filter>Header Files</Filter>
    </ClInclude>
    <ClInclude Include="src/Model.h">
      <Filter>Header Files</Filter>
    </ClInclude>
    <ClInclude Include="src/NormalOutlineRenderGraph.h">
      <Filter>Header Files</Filter>
    </ClInclude>
    <ClInclude Include="src/NormalRenderPass.h">
      <Filter>Header Files</Filter>
    </ClInclude>
    <ClInclude Include="src/OutlineMaskingRenderPass.h">
      <Filter>Header Files</Filter>
    </ClInclude>
    <ClInclude Include="src/OutlineRenderPass.h">
      <Filter>Header Files</Filter>
    </ClInclude>
    <ClInclude Include="src/OutlineScalingRenderPass.h">
      <Filter>Header Files</Filter>
    </ClInclude>
    <ClInclude Include="src/RenderBindablePass.h">
      <Filter>Header Files</Filter>
    </ClInclude>
    <ClInclude Include="src/RenderFirstCallPass.h">
      <Filter>Header Files</Filter>
    </ClInclude>
    <ClInclude Include="src/RenderGraph.h">
      <Filter>Header Files</Filter>
    </ClInclude>
    <ClInclude Include="src/RenderJob.h">
      <Filter>Header Files</Filter>
    </ClInclude>
    <ClInclude Include="src/RenderJobPass.h">
      <Filter>Header Files</Filter>
    </ClInclude>
    <ClInclude Include="src/RenderPass.h">
      <Filter>Header Files</Filter>
    </ClInclude>
    <ClInclude Include="src/RenderPassOuput.h">
      <Filter>Header Files</Filter>
    </ClInclude>
    <ClInclude Include="src/RenderPassInput.h">
      <Filter>Header Files</Filter>
    </ClInclude>
    <ClInclude Include="src/RenderStep.h">
      <Filter>Header Files</Filter>
    </ClInclude>
    <ClInclude Include="src/RenderTarget.h">
      <Filter>Header Files</Filter>
    </ClInclude>
    <ClInclude Include="src/RenderTechnique.h">
      <Filter>Header Files</Filter>
    </ClInclude>
    <ClInclude Include="src/Scene.h">
      <Filter>Header Files</Filter>
    </ClInclude>
    <ClInclude Include="src/Node.h">
      <Filter>Header Files</Filter>
    </ClInclude>
    <ClInclude Include="src/PointLight.h">
      <Filter>Header Files</Filter>
    </ClInclude>
    <ClInclude Include="src/PointLightModel.h">
      <Filter>Header Files</Filter>
    </ClInclude>
    <ClInclude Include="src/resource.h">
      <Filter>Header Files</Filter>
    </ClInclude>
    <ClInclude Include="src/SceneObject.h">
      <Filter>Header Files</Filter>
    </ClInclude>
    <ClInclude Include="src/SceneVisibilityManager.h">
      <Filter>Header Files</Filter>
    </ClInclude>
    <ClInclude Include="src/ShadowCamera.h">
      <Filter>Header Files</Filter>
    </ClInclude>
    <ClInclude Include="src/ShadowMappingRenderPass.h">
      <Filter>Header Files</Filter>
    </ClInclude>
    <ClInclude Include="src/Shape.h">
      <Filter>Header Files</Filter>
    </ClInclude>
    <ClInclude Include="src/Sheet.h">
      <Filter>Header Files</Filter>
    </ClInclude>
    <ClInclude Include="src/SimpleMesh.h">
      <Filter>Header Files</Filter>
    </ClInclude>
    <ClInclude Include="src/Skybox.h">
      <Filter>Header Files</Filter>
    </ClInclude>
    <ClInclude Include="src/SkyboxRenderPass.h">
      <Filter>Header Files</Filter>
    </ClInclude>
    <ClInclude Include="src/Sphere.h">
      <Filter>Header Files</Filter>
    </ClInclude>
    <ClInclude Include="src/SpherePBR.h">
      <Filter>Header Files</Filter>
    </ClInclude>
    <ClInclude Include="src/StringConverting.h">
      <Filter>Header Files</Filter>
    </ClInclude>
    <ClInclude Include="src/Time.h">
      <Filter>Header Files</Filter>
    </ClInclude>
    <ClInclude Include="src/Vertex.h">
      <Filter>Header Files</Filter>
    </ClInclude>
    <ClInclude Include="src/GaussBlurRenderPass.h">
      <Filter>Header Files</Filter>
    </ClInclude>
    <ClInclude Include="src/VoiceEffectSettings.h">
      <Filter>Header Files</Filter>
    </ClInclude>
    <ClInclude Include="src/Window.h">
      <Filter>Header Files</Filter>
    </ClInclude>
    <ClInclude Include="src/wrl_no_warnings.h">
      <Filter>Header Files</Filter>
    </ClInclude>
    <ClInclude Include="src/Bindable/Bindable.h">
      <Filter>Header Files</Filter>
    </ClInclude>
    <ClInclude Include="src/Bindable/ConstantBuffers.h">
      <Filter>Header Files</Filter>
    </ClInclude>
    <ClInclude Include="src/Bindable/DepthStencilState.h">
      <Filter>Header Files</Filter>
    </ClInclude>
    <ClInclude Include="src/Bindable/IndexBuffer.h">
      <Filter>Header Files</Filter>
    </ClInclude>
    <ClInclude Include="src/Bindable/InputLayout.h">
      <Filter>Header Files</Filter>
    </ClInclude>
    <ClInclude Include="src/Bindable/NullShader.h">
      <Filter>Header Files</Filter>
    </ClInclude>
    <ClInclude Include="src/Bindable/NullTexture.h">
      <Filter>Header Files</Filter>
    </ClInclude>
    <ClInclude Include="src/Bindable/PixelShader.h">
      <Filter>Header Files</Filter>
    </ClInclude>
    <ClInclude Include="src/Bindable/RasterizerState.h">
      <Filter>Header Files</Filter>
    </ClInclude>
    <ClInclude Include="src/Bindable/SamplerState.h">
      <Filter>Header Files</Filter>
    </ClInclude>
    <ClInclude Include="src/Bindable/ShaderUnorderedAccessView.h">
      <Filter>Header Files</Filter>
    </ClInclude>
    <ClInclude Include="src/Bindable/SkyboxTransformBuffer.h">
      <Filter>Header Files</Filter>
    </ClInclude>
    <ClInclude Include="src/Bindable/Texture.h">
      <Filter>Header Files</Filter>
    </ClInclude>
    <ClInclude Include="src/Bindable/Topology.h">
      <Filter>Header Files</Filter>
    </ClInclude>
    <ClInclude Include="src/Bindable/TransformConstBuffer.h">
      <Filter>Header Files</Filter>
    </ClInclude>
    <ClInclude Include="src/Bindable/VertexBuffer.h">
      <Filter>Header Files</Filter>
    </ClInclude>
    <ClInclude Include="src/Bindable/VertexShader.h">
      <Filter>Header Files</Filter>
    </ClInclude>
  </ItemGroup>
  <ItemGroup>
    <ClCompile Include="src/Application.cpp">
      <Filter>Source Files</Filter>
    </ClCompile>
    <ClCompile Include="src/AudioEngine.cpp">
      <Filter>Source Files</Filter>
    </ClCompile>
    <ClCompile Include="src/AudioListener.cpp">
      <Filter>Source Files</Filter>
    </ClCompile>
    <ClCompile Include="src/AudioObject.cpp">
      <Filter>Source Files</Filter>
    </ClCompile>
    <ClCompile Include="src/Bindable/BlendState.cpp">
      <Filter>Source Files</Filter>
    </ClCompile>
    <ClCompile Include="src/BoxBlurRenderPass.cpp">
      <Filter>Source Files</Filter>
    </ClCompile>
    <ClCompile Include="src/BufferClearRenderPass.cpp">
      <Filter>Source Files</Filter>
    </ClCompile>
    <ClCompile Include="src/CameraIndicator.cpp">
      <Filter>Source Files</Filter>
    </ClCompile>
    <ClCompile Include="src/CameraManager.cpp">
      <Filter>Source Files</Filter>
    </ClCompile>
    <ClCompile Include="src/Camera.cpp">
      <Filter>Source Files</Filter>
    </ClCompile>
    <ClCompile Include="src/CameraViewAreaIndicator.cpp">
      <Filter>Source Files</Filter>
    </ClCompile>
    <ClCompile Include="src/Bindable/ComputeShader.cpp">
      <Filter>Source Files</Filter>
    </ClCompile>
    <ClCompile Include="src/Cube.cpp">
      <Filter>Source Files</Filter>
    </ClCompile>
    <ClCompile Include="src/Bindable/CubeMapTexture.cpp">
      <Filter>Source Files</Filter>
    </ClCompile>
    <ClCompile Include="src/CubeTextureDrawingOrder.h">
      <Filter>Header Files</Filter>
    </ClCompile>
    <ClCompile Include="src/DepthStencilView.cpp">
      <Filter>Source Files</Filter>
    </ClCompile>
    <ClCompile Include="src/DepthTextureCube.cpp">
      <Filter>Source Files</Filter>
    </ClCompile>
    <ClCompile Include="src/Bindable/DomainShader.cpp">
      <Filter>Source Files</Filter>
    </ClCompile>
    <ClCompile Include="src/DXError.cpp">
      <Filter>Source Files</Filter>
    </ClCompile>
    <ClCompile Include="src/DynamicConstantBuffer.cpp">
      <Filter>Source Files</Filter>
    </ClCompile>
    <ClCompile Include="src/EntryPoint.cpp">
      <Filter>Source Files</Filter>
    </ClCompile>
    <ClCompile Include="src/ErrorHandling.cpp">
      <Filter>Source Files</Filter>
    </ClCompile>
    <ClCompile Include="src/FPSCounter.cpp">
      <Filter>Source Files</Filter>
    </ClCompile>
    <ClCompile Include="src/FullscreenFilter.cpp">
      <Filter>Source Files</Filter>
    </ClCompile>
    <ClCompile Include="src/FullscreenFilterRenderPass.cpp">
      <Filter>Source Files</Filter>
    </ClCompile>
    <ClCompile Include="src/GaussBlurFilter.cpp">
      <Filter>Source Files</Filter>
    </ClCompile>
    <ClCompile Include="src/GaussBlurRenderGraph.cpp">
      <Filter>Source Files</Filter>
    </ClCompile>
    <ClCompile Include="src/GraphicBuffer.cpp">
      <Filter>Source Files</Filter>
    </ClCompile>
    <ClCompile Include="src/Graphics.cpp">
      <Filter>Source Files</Filter>
    </ClCompile>
    <ClCompile Include="src/Bindable/HullShader.cpp">
      <Filter>Source Files</Filter>
    </ClCompile>
    <ClCompile Include="src/IgnoreZBufferRenderPass.cpp">
      <Filter>Source Files</Filter>
    </ClCompile>
    <ClCompile Include="src/ImguiManager.cpp">
      <Filter>Source Files</Filter>
    </ClCompile>
    <ClCompile Include="src/Input.cpp">
      <Filter>Source Files</Filter>
    </ClCompile>
    <ClCompile Include="src/Model.cpp">
      <Filter>Source Files</Filter>
    </ClCompile>
    <ClCompile Include="src/Node.cpp">
      <Filter>Source Files</Filter>
    </ClCompile>
    <ClCompile Include="src/NormalOutlineRenderGraph.cpp">
      <Filter>Source Files</Filter>
    </ClCompile>
    <ClCompile Include="src/NormalRenderPass.cpp">
      <Filter>Source Files</Filter>
    </ClCompile>
    <ClCompile Include="src/OutlineMaskingRenderPass.cpp">
      <Filter>Source Files</Filter>
    </ClCompile>
    <ClCompile Include="src/OutlineRenderPass.cpp">
      <Filter>Source Files</Filter>
    </ClCompile>
    <ClCompile Include="src/OutlineScalingRenderPass.cpp">
      <Filter>Source Files</Filter>
    </ClCompile>
    <ClCompile Include="src/RenderBindablePass.cpp">
      <Filter>Source Files</Filter>
    </ClCompile>
    <ClCompile Include="src/RenderFirstCallPass.cpp">
      <Filter>Source Files</Filter>
    </ClCompile>
    <ClCompile Include="src/RenderGraph.cpp">
      <Filter>Source Files</Filter>
    </ClCompile>
    <ClCompile Include="src/RenderJob.cpp">
      <Filter>Source Files</Filter>
    </ClCompile>
    <ClCompile Include="src/RenderJobPass.cpp">
      <Filter>Source Files</Filter>
    </ClCompile>
    <ClCompile Include="src/RenderPass.cpp">
      <Filter>Source Files</Filter>
    </ClCompile>
    <ClCompile Include="src/RenderPassInput.cpp">
      <Filter>Source Files</Filter>
    </ClCompile>
    <ClCompile Include="src/RenderStep.cpp">
      <Filter>Source Files</Filter>
    </ClCompile>
    <ClCompile Include="src/RenderTarget.cpp">
      <Filter>Source Files</Filter>
    </ClCompile>
    <ClCompile Include="src/RenderTechnique.cpp">
      <Filter>Source Files</Filter>
    </ClCompile>
    <ClCompile Include="src/Scene.cpp">
      <Filter>Source Files</Filter>
    </ClCompile>
    <ClCompile Include="src/PointLight.cpp">
      <Filter>Source Files</Filter>
    </ClCompile>
    <ClCompile Include="src/PointLightModel.cpp">
      <Filter>Source Files</Filter>
    </ClCompile>
    <ClCompile Include="src/SceneObject.cpp">
      <Filter>Source Files</Filter>
    </ClCompile>
    <ClCompile Include="src/SceneVisibilityManager.cpp">
      <Filter>Source Files</Filter>
    </ClCompile>
    <ClCompile Include="src/ShadowCamera.cpp">
      <Filter>Source Files</Filter>
    </ClCompile>
    <ClCompile Include="src/ShadowMappingRenderPass.cpp">
      <Filter>Source Files</Filter>
    </ClCompile>
    <ClCompile Include="src/Shape.cpp">
      <Filter>Source Files</Filter>
    </ClCompile>
    <ClCompile Include="src/Sheet.cpp">
      <Filter>Source Files</Filter>
    </ClCompile>
    <ClCompile Include="src/SimpleMesh.cpp">
      <Filter>Source Files</Filter>
    </ClCompile>
    <ClCompile Include="src/Skybox.cpp">
      <Filter>Source Files</Filter>
    </ClCompile>
    <ClCompile Include="src/SkyboxRenderPass.cpp">
      <Filter>Source Files</Filter>
    </ClCompile>
    <ClCompile Include="src/Sphere.cpp">
      <Filter>Source Files</Filter>
    </ClCompile>
    <ClCompile Include="src/SpherePBR.cpp">
      <Filter>Source Files</Filter>
    </ClCompile>
    <ClCompile Include="src/Time.cpp">
      <Filter>Source Files</Filter>
    </ClCompile>
    <ClCompile Include="src/Vertex.cpp">
      <Filter>Source Files</Filter>
    </ClCompile>
    <ClCompile Include="src/GaussBlurRenderPass.cpp">
      <Filter>Source Files</Filter>
    </ClCompile>
    <ClCompile Include="src/VoiceEffectSettings.cpp">
      <Filter>Source Files</Filter>
    </ClCompile>
    <ClCompile Include="src/Window.cpp">
      <Filter>Source Files</Filter>
    </ClCompile>
    <ClCompile Include="src/Bindable/ConstantBuffers.cpp">
      <Filter>Source Files</Filter>
    </ClCompile>
    <ClCompile Include="src/Bindable/IndexBuffer.cpp">
      <Filter>Source Files</Filter>
    </ClCompile>
    <ClCompile Include="src/Bindable/InputLayout.cpp">
      <Filter>Source Files</Filter>
    </ClCompile>
    <ClCompile Include="src/Bindable/NullShader.cpp">
      <Filter>Source Files</Filter>
    </ClCompile>
    <ClCompile Include="src/Bindable/NullTexture.cpp">
      <Filter>Source Files</Filter>
    </ClCompile>
    <ClCompile Include="src/Bindable/PixelShader.cpp">
      <Filter>Source Files</Filter>
    </ClCompile>
    <ClCompile Include="src/Bindable/RasterizerState.cpp">
      <Filter>Source Files</Filter>
    </ClCompile>
    <ClCompile Include="src/Bindable/SamplerState.cpp">
      <Filter>Source Files</Filter>
    </ClCompile>
    <ClCompile Include="src/Bindable/ShaderUnorderedAccessView.cpp">
      <Filter>Source Files</Filter>
    </ClCompile>
    <ClCompile Include="src/Bindable/SkyboxTransformBuffer.cpp">
      <Filter>Source Files</Filter>
    </ClCompile>
    <ClCompile Include="src/Bindable/Texture.cpp">
      <Filter>Source Files</Filter>
    </ClCompile>
    <ClCompile Include="src/Bindable/Topology.cpp">
      <Filter>Source Files</Filter>
    </ClCompile>
    <ClCompile Include="src/Bindable/TransformConstBuffer.cpp">
      <Filter>Source Files</Filter>
    </ClCompile>
    <ClCompile Include="src/Bindable/VertexBuffer.cpp">
      <Filter>Source Files</Filter>
    </ClCompile>
    <ClCompile Include="src/Bindable/VertexShader.cpp">
      <Filter>Source Files</Filter>
    </ClCompile>
  </ItemGroup>
  <ItemGroup>
    <ResourceCompile Include="DirectX_on_top.rc">
      <Filter>Resource Files</Filter>
    </ResourceCompile>
  </ItemGroup>
  <ItemGroup>
    <Image Include="icons8-video-card-96.ico">
      <Filter>Resource Files</Filter>
    </Image>
  </ItemGroup>
  <ItemGroup>
    <FxCompile Include="src/Shaders/CS_BoundsCubeOfModel.hlsl">
      <Filter>Shader</Filter>
    </FxCompile>
    <FxCompile Include="src/Shaders/CS_FrustumChecking.hlsl">
      <Filter>Shader</Filter>
    </FxCompile>
    <FxCompile Include="src/Shaders/CS_ProcessVertices.hlsl">
      <Filter>Shader</Filter>
    </FxCompile>
    <FxCompile Include="src/Shaders/CS_Test.hlsl">
      <Filter>Shader</Filter>
    </FxCompile>
    <FxCompile Include="src/Shaders/DS_Shadow_Test.hlsl">
      <Filter>Shader</Filter>
    </FxCompile>
    <FxCompile Include="src/Shaders/DS_Test.hlsl">
      <Filter>Shader</Filter>
    </FxCompile>
    <FxCompile Include="src/Shaders/DS_Wave.hlsl">
      <Filter>Shader</Filter>
    </FxCompile>
    <FxCompile Include="src/Shaders/HS.hlsl">
      <Filter>Shader</Filter>
    </FxCompile>
    <FxCompile Include="src/Shaders/HS_Shadow_Test.hlsl">
      <Filter>Shader</Filter>
    </FxCompile>
    <FxCompile Include="src/Shaders/HS_Test.hlsl">
      <Filter>Shader</Filter>
    </FxCompile>
    <FxCompile Include="src/Shaders/PS.hlsl">
      <Filter>Shader</Filter>
    </FxCompile>
    <FxCompile Include="src/Shaders/PS_Blend.hlsl">
      <Filter>Shader</Filter>
    </FxCompile>
    <FxCompile Include="src/Shaders/PS_FaceColors.hlsl">
      <Filter>Shader</Filter>
    </FxCompile>
    <FxCompile Include="src/Shaders/PS_Fullscreen_BoxBlur.hlsl">
      <Filter>Shader</Filter>
    </FxCompile>
    <FxCompile Include="src/Shaders/PS_Fullscreen_GaussBlur.hlsl">
      <Filter>Shader</Filter>
    </FxCompile>
    <FxCompile Include="src/Shaders/PS_Fullscreen_NegativeColors.hlsl">
      <Filter>Shader</Filter>
    </FxCompile>
    <FxCompile Include="src/Shaders/PS_Fullscreen_Normal.hlsl">
      <Filter>Shader</Filter>
    </FxCompile>
    <FxCompile Include="src/Shaders/PS_Fullscreen_Outline.hlsl">
      <Filter>Shader</Filter>
    </FxCompile>
    <FxCompile Include="src/Shaders/PS_PBR.hlsl">
      <Filter>Shader</Filter>
    </FxCompile>
    <FxCompile Include="src/Shaders/PS_PBR_Diffuse_Normal_Roughness_Metallic.hlsl">
      <Filter>Shader</Filter>
    </FxCompile>
    <FxCompile Include="src/Shaders/PS_Phong_NoMaps.hlsl">
      <Filter>Shader</Filter>
    </FxCompile>
    <FxCompile Include="src/Shaders/PS_Phong_Texture_Mask_Normals_SpecularMap.hlsl">
      <Filter>Shader</Filter>
    </FxCompile>
    <FxCompile Include="src/Shaders/PS_Phong_Texture_Normals_Specular.hlsl">
      <Filter>Shader</Filter>
    </FxCompile>
    <FxCompile Include="src/Shaders/PS_Phong_Texture_Normals_Specular_Cube.hlsl">
      <Filter>Shader</Filter>
    </FxCompile>
    <FxCompile Include="src/Shaders/PS_Phong_Texture_Normals_Specular_NoTangent.hlsl">
      <Filter>Shader</Filter>
    </FxCompile>
    <FxCompile Include="src/Shaders/PS_Phong_Texture_Normals_SpecularMap.hlsl">
      <Filter>Shader</Filter>
    </FxCompile>
    <FxCompile Include="src/Shaders/PS_Phong_Texture_Specular.hlsl">
      <Filter>Shader</Filter>
    </FxCompile>
    <FxCompile Include="src/Shaders/PS_Phong_Texture_SpecularMap.hlsl">
      <Filter>Shader</Filter>
    </FxCompile>
    <FxCompile Include="src/Shaders/PS_Skybox.hlsl">
      <Filter>Shader</Filter>
    </FxCompile>
    <FxCompile Include="src/Shaders/PS_Solid.hlsl">
      <Filter>Shader</Filter>
    </FxCompile>
    <FxCompile Include="src/Shaders/PS_Texture.hlsl">
      <Filter>Shader</Filter>
    </FxCompile>
    <FxCompile Include="src/Shaders/PS_TextureAnimation.hlsl">
      <Filter>Shader</Filter>
    </FxCompile>
    <FxCompile Include="src/Shaders/VS.hlsl">
      <Filter>Shader</Filter>
    </FxCompile>
    <FxCompile Include="src/Shaders/VS_Blend.hlsl">
      <Filter>Shader</Filter>
    </FxCompile>
    <FxCompile Include="src/Shaders/VS_Fullscreen.hlsl">
      <Filter>Shader</Filter>
    </FxCompile>
    <FxCompile Include="src/Shaders/VS_NoProjection.hlsl">
      <Filter>Shader</Filter>
    </FxCompile>
    <FxCompile Include="src/Shaders/VS_Outline.hlsl">
      <Filter>Shader</Filter>
    </FxCompile>
    <FxCompile Include="src/Shaders/VS_PBR.hlsl">
      <Filter>Shader</Filter>
    </FxCompile>
    <FxCompile Include="src/Shaders/VS_PBR_Height.hlsl">
      <Filter>Shader</Filter>
    </FxCompile>
    <FxCompile Include="src/Shaders/VS_Phong.hlsl">
      <Filter>Shader</Filter>
    </FxCompile>
    <FxCompile Include="src/Shaders/VS_Phong_Cube.hlsl">
      <Filter>Shader</Filter>
    </FxCompile>
    <FxCompile Include="src/Shaders/VS_Phong_Normals.hlsl">
      <Filter>Shader</Filter>
    </FxCompile>
    <FxCompile Include="src/Shaders/VS_Phong_Texture_Normals.hlsl">
      <Filter>Shader</Filter>
    </FxCompile>
    <FxCompile Include="src/Shaders/VS_Shadow.hlsl">
      <Filter>Shader</Filter>
    </FxCompile>
    <FxCompile Include="src/Shaders/VS_Shadow_Height.hlsl">
      <Filter>Shader</Filter>
    </FxCompile>
    <FxCompile Include="src/Shaders/VS_Skybox.hlsl">
      <Filter>Shader</Filter>
    </FxCompile>
    <FxCompile Include="src/Shaders/VS_Texture.hlsl">
      <Filter>Shader</Filter>
    </FxCompile>
    <FxCompile Include="src/Shaders/VS_wave.hlsl">
      <Filter>Shader</Filter>
    </FxCompile>
  </ItemGroup>
  <ItemGroup>
    <None Include="src/Shaders/FloatHLSLMacros.hlsli">
      <Filter>Shader</Filter>
    </None>
    <None Include="src/Shaders/PointLightConstBuffer.hlsli">
      <Filter>Shader</Filter>
    </None>
    <None Include="src/Shaders/PS_ShadowFunctions.hlsli">
      <Filter>Shader</Filter>
    </None>
    <None Include="src/Shaders/PS_TransformConstBuffer.hlsli">
      <Filter>Shader</Filter>
    </None>
    <None Include="src/Shaders/ShaderFunctions.hlsli">
      <Filter>Shader</Filter>
    </None>
    <None Include="src/Shaders/ShadowResources.hlsli">
      <Filter>Shader</Filter>
    </None>
    <None Include="src/Shaders/VS_ShadowFunctions.hlsli">
      <Filter>Shader</Filter>
    </None>
    <None Include="src/Shaders/VS_TransformConstBuffer.hlsli">
      <Filter>Shader</Filter>
    </None>
  </ItemGroup>
  <ItemGroup>
    <CopyFileToFolders Include="Dependencies\assimp-vc143-mt.dll">
      <Filter>Dependencies</Filter>
    </CopyFileToFolders>
    <CopyFileToFolders Include="Dependencies\zlib1.dll">
      <Filter>Dependencies</Filter>
    </CopyFileToFolders>
  </ItemGroup>
</Project>